<?xml version="1.0" encoding="UTF-8"?>
<Scheme
   LastUpgradeVersion = "0830"
   version = "1.7">
   <BuildAction
      parallelizeBuildables = "YES"
      buildImplicitDependencies = "YES">
      <BuildActionEntries>
         <BuildActionEntry
            buildForTesting = "YES"
            buildForRunning = "YES"
            buildForProfiling = "YES"
            buildForArchiving = "YES"
            buildForAnalyzing = "YES">
            <BuildableReference
               BuildableIdentifier = "primary"
               BlueprintIdentifier = "869DFD6E1AA39EBB009B444D"
               BuildableName = "UMassEmergency.app"
               BlueprintName = "UMassEmergency"
               ReferencedContainer = "container:UMassEmergency.xcodeproj">
            </BuildableReference>
         </BuildActionEntry>
      </BuildActionEntries>
   </BuildAction>
   <TestAction
      buildConfiguration = "Debug"
      selectedDebuggerIdentifier = "Xcode.DebuggerFoundation.Debugger.LLDB"
      selectedLauncherIdentifier = "Xcode.DebuggerFoundation.Launcher.LLDB"
      shouldUseLaunchSchemeArgsEnv = "YES">
      <Testables>
         <TestableReference
            skipped = "YES">
            <BuildableReference
               BuildableIdentifier = "primary"
               BlueprintIdentifier = "869DFD871AA39EBB009B444D"
               BuildableName = "WindContoursTests.xctest"
               BlueprintName = "WindContoursTests"
               ReferencedContainer = "container:UMassEmergency.xcodeproj">
            </BuildableReference>
            <SkippedTests>
               <Test
                  Identifier = "WindContoursTests">
               </Test>
            </SkippedTests>
            <LocationScenarioReference
               identifier = "../grc.gpx"
               referenceType = "0">
            </LocationScenarioReference>
         </TestableReference>
         <TestableReference
            skipped = "NO">
            <BuildableReference
               BuildableIdentifier = "primary"
               BlueprintIdentifier = "22C276C41E8ED2A50082802E"
               BuildableName = "UMass EmergencyUITests.xctest"
               BlueprintName = "UMass EmergencyUITests"
               ReferencedContainer = "container:UMassEmergency.xcodeproj">
            </BuildableReference>
            <SkippedTests>
               <Test
                  Identifier = "UMass_EmergencyUITests">
               </Test>
            </SkippedTests>
            <LocationScenarioReference
               identifier = "../GRC.gpx"
               referenceType = "0">
            </LocationScenarioReference>
         </TestableReference>
      </Testables>
      <MacroExpansion>
         <BuildableReference
            BuildableIdentifier = "primary"
            BlueprintIdentifier = "869DFD6E1AA39EBB009B444D"
            BuildableName = "UMassEmergency.app"
            BlueprintName = "UMassEmergency"
            ReferencedContainer = "container:UMassEmergency.xcodeproj">
         </BuildableReference>
      </MacroExpansion>
      <AdditionalOptions>
      </AdditionalOptions>
   </TestAction>
   <LaunchAction
      buildConfiguration = "Debug"
      selectedDebuggerIdentifier = "Xcode.DebuggerFoundation.Debugger.LLDB"
      selectedLauncherIdentifier = "Xcode.DebuggerFoundation.Launcher.LLDB"
      launchStyle = "0"
      useCustomWorkingDirectory = "NO"
      ignoresPersistentStateOnLaunch = "NO"
      debugDocumentVersioning = "YES"
      debugServiceExtension = "internal"
      allowLocationSimulation = "YES">
      <BuildableProductRunnable
         runnableDebuggingMode = "0">
         <BuildableReference
            BuildableIdentifier = "primary"
            BlueprintIdentifier = "869DFD6E1AA39EBB009B444D"
            BuildableName = "UMassEmergency.app"
            BlueprintName = "UMassEmergency"
            ReferencedContainer = "container:UMassEmergency.xcodeproj">
         </BuildableReference>
      </BuildableProductRunnable>
      <AdditionalOptions>
      </AdditionalOptions>
      <LocationScenarioReference
         identifier = "../grc.gpx"
         referenceType = "0">
      </LocationScenarioReference>
   </LaunchAction>
   <ProfileAction
      buildConfiguration = "Release"
      shouldUseLaunchSchemeArgsEnv = "YES"
      savedToolIdentifier = ""
      useCustomWorkingDirectory = "NO"
      debugDocumentVersioning = "YES">
      <BuildableProductRunnable
         runnableDebuggingMode = "0">
         <BuildableReference
            BuildableIdentifier = "primary"
            BlueprintIdentifier = "869DFD6E1AA39EBB009B444D"
            BuildableName = "UMassEmergency.app"
            BlueprintName = "UMassEmergency"
            ReferencedContainer = "container:UMassEmergency.xcodeproj">
         </BuildableReference>
      </BuildableProductRunnable>
   </ProfileAction>
   <AnalyzeAction
      buildConfiguration = "Debug">
   </AnalyzeAction>
   <ArchiveAction
      buildConfiguration = "Release"
      revealArchiveInOrganizer = "YES">
   </ArchiveAction>
</Scheme>
